
Microsoft Visual Studio Solution File, Format Version 12.00
# Visual Studio 14
VisualStudioVersion = 14.0.25420.1
MinimumVisualStudioVersion = 10.0.40219.1
Project("{FAE04EC0-301F-11D3-BF4B-00C04F79EFBC}") = "Lumino Billboard Framework", "Lumino Billboard Framework\Lumino Billboard Framework.csproj", "{3B69349D-F491-4410-A605-531101B34507}"
EndProject
Project("{FAE04EC0-301F-11D3-BF4B-00C04F79EFBC}") = "GEV Common API", "..\GEV AXYZ\GEV Common API\GEV Common API.csproj", "{2D086DD7-BCC0-474D-A4DB-360E17C3669F}"
EndProject
Global
	GlobalSection(SolutionConfigurationPlatforms) = preSolution
		Debug|Any CPU = Debug|Any CPU
		Release|Any CPU = Release|Any CPU
	EndGlobalSection
	GlobalSection(ProjectConfigurationPlatforms) = postSolution
		{3B69349D-F491-4410-A605-531101B34507}.Debug|Any CPU.ActiveCfg = Debug|Any CPU
		{3B69349D-F491-4410-A605-531101B34507}.Debug|Any CPU.Build.0 = Debug|Any CPU
		{3B69349D-F491-4410-A605-531101B34507}.Release|Any CPU.ActiveCfg = Release|Any CPU
		{3B69349D-F491-4410-A605-531101B34507}.Release|Any CPU.Build.0 = Release|Any CPU
		{2D086DD7-BCC0-474D-A4DB-360E17C3669F}.Debug|Any CPU.ActiveCfg = Debug|Any CPU
		{2D086DD7-BCC0-474D-A4DB-360E17C3669F}.Debug|Any CPU.Build.0 = Debug|Any CPU
		{2D086DD7-BCC0-474D-A4DB-360E17C3669F}.Release|Any CPU.ActiveCfg = Release|Any CPU
		{2D086DD7-BCC0-474D-A4DB-360E17C3669F}.Release|Any CPU.Build.0 = Release|Any CPU
	EndGlobalSection
	GlobalSection(SolutionProperties) = preSolution
		HideSolutionNode = FALSE
	EndGlobalSection
EndGlobal
